
Microsoft Visual Studio Solution File, Format Version 12.00
# Visual Studio Version 17
VisualStudioVersion = 17.0.31903.59
MinimumVisualStudioVersion = 10.0.40219.1
Project("{FAE04EC0-301F-11D3-BF4B-00C04F79EFBC}") = "BasketballAnalytics.Api", "BasketballAnalytics.Api\BasketballAnalytics.Api.csproj", "{591C04F5-6F96-4376-B246-DED8BD7A8F12}"
EndProject
Project("{FAE04EC0-301F-11D3-BF4B-00C04F79EFBC}") = "BasketballAnalytics.Domain", "BasketballAnalytics.Domain\BasketballAnalytics.Domain.csproj", "{BB74AAC4-4862-4FF4-B5C8-22F2E29ECF2C}"
EndProject
Project("{FAE04EC0-301F-11D3-BF4B-00C04F79EFBC}") = "BasketballAnalytics.Persistence", "BasketballAnalytics.Persistence\BasketballAnalytics.Persistence.csproj", "{FD13D43F-DF74-4846-8ACB-258268C9F7D5}"
EndProject
Project("{FAE04EC0-301F-11D3-BF4B-00C04F79EFBC}") = "BasketballAnalytics.Application", "BasketballAnalytics.Application\BasketballAnalytics.Application.csproj", "{D2B906F9-9271-4D05-8585-EAAAA7C7DDAE}"
EndProject
Project("{2150E333-8FDC-42A3-9474-1A3956D46DE8}") = "tests", "tests", "{BEC0A5C9-62FB-4DCC-9001-4ED351269F16}"
EndProject
Project("{FAE04EC0-301F-11D3-BF4B-00C04F79EFBC}") = "BasketballAnalytics.Application.Tests", "tests\BasketballAnalytics.Application.Tests\BasketballAnalytics.Application.Tests.csproj", "{8BA00167-D355-4DF0-B9E0-30145AA58F4F}"
EndProject
Global
	GlobalSection(SolutionConfigurationPlatforms) = preSolution
		Debug|Any CPU = Debug|Any CPU
		Release|Any CPU = Release|Any CPU
	EndGlobalSection
	GlobalSection(ProjectConfigurationPlatforms) = postSolution
		{591C04F5-6F96-4376-B246-DED8BD7A8F12}.Debug|Any CPU.ActiveCfg = Debug|Any CPU
		{591C04F5-6F96-4376-B246-DED8BD7A8F12}.Debug|Any CPU.Build.0 = Debug|Any CPU
		{591C04F5-6F96-4376-B246-DED8BD7A8F12}.Release|Any CPU.ActiveCfg = Release|Any CPU
		{591C04F5-6F96-4376-B246-DED8BD7A8F12}.Release|Any CPU.Build.0 = Release|Any CPU
		{BB74AAC4-4862-4FF4-B5C8-22F2E29ECF2C}.Debug|Any CPU.ActiveCfg = Debug|Any CPU
		{BB74AAC4-4862-4FF4-B5C8-22F2E29ECF2C}.Debug|Any CPU.Build.0 = Debug|Any CPU
		{BB74AAC4-4862-4FF4-B5C8-22F2E29ECF2C}.Release|Any CPU.ActiveCfg = Release|Any CPU
		{BB74AAC4-4862-4FF4-B5C8-22F2E29ECF2C}.Release|Any CPU.Build.0 = Release|Any CPU
		{FD13D43F-DF74-4846-8ACB-258268C9F7D5}.Debug|Any CPU.ActiveCfg = Debug|Any CPU
		{FD13D43F-DF74-4846-8ACB-258268C9F7D5}.Debug|Any CPU.Build.0 = Debug|Any CPU
		{FD13D43F-DF74-4846-8ACB-258268C9F7D5}.Release|Any CPU.ActiveCfg = Release|Any CPU
		{FD13D43F-DF74-4846-8ACB-258268C9F7D5}.Release|Any CPU.Build.0 = Release|Any CPU
		{D2B906F9-9271-4D05-8585-EAAAA7C7DDAE}.Debug|Any CPU.ActiveCfg = Debug|Any CPU
		{D2B906F9-9271-4D05-8585-EAAAA7C7DDAE}.Debug|Any CPU.Build.0 = Debug|Any CPU
		{D2B906F9-9271-4D05-8585-EAAAA7C7DDAE}.Release|Any CPU.ActiveCfg = Release|Any CPU
		{D2B906F9-9271-4D05-8585-EAAAA7C7DDAE}.Release|Any CPU.Build.0 = Release|Any CPU
		{8BA00167-D355-4DF0-B9E0-30145AA58F4F}.Debug|Any CPU.ActiveCfg = Debug|Any CPU
		{8BA00167-D355-4DF0-B9E0-30145AA58F4F}.Debug|Any CPU.Build.0 = Debug|Any CPU
		{8BA00167-D355-4DF0-B9E0-30145AA58F4F}.Release|Any CPU.ActiveCfg = Release|Any CPU
		{8BA00167-D355-4DF0-B9E0-30145AA58F4F}.Release|Any CPU.Build.0 = Release|Any CPU
	EndGlobalSection
	GlobalSection(SolutionProperties) = preSolution
		HideSolutionNode = FALSE
	EndGlobalSection
	GlobalSection(NestedProjects) = preSolution
		{8BA00167-D355-4DF0-B9E0-30145AA58F4F} = {BEC0A5C9-62FB-4DCC-9001-4ED351269F16}
	EndGlobalSection
EndGlobal
